// !$*UTF8*$!
{
	archiveVersion = 1;
	classes = {
	};
	objectVersion = 55;
	objects = {

/* Begin PBXBuildFile section */
		FC1889C42FC3720A00777EA3 /* SPODApp.swift in Sources */ = {isa = PBXBuildFile; fileRef = FC1889C32FC3720A00777EA3 /* SPODApp.swift */; };
		FC1889C62FC3720A00777EA3 /* ContentView.swift in Sources */ = {isa = PBXBuildFile; fileRef = FC1889C52FC3720A00777EA3 /* ContentView.swift */; };
		FC1889C82FC3720F00777EA3 /* Assets.xcassets in Resources */ = {isa = PBXBuildFile; fileRef = FC1889C72FC3720F00777EA3 /* Assets.xcassets */; };
		FC1889EE2FC372B200777EA3 /* APODResponse.swift in Sources */ = {isa = PBXBuildFile; fileRef = FC1889ED2FC372B200777EA3 /* APODResponse.swift */; };
		FC1889F02FC372C100777EA3 /* APODService.swift in Sources */ = {isa = PBXBuildFile; fileRef = FC1889EF2FC372C100777EA3 /* APODService.swift */; };
		FC1889F22FC3730700777EA3 /* ShareSheet.swift in Sources */ = {isa = PBXBuildFile; fileRef = FC1889F12FC3730700777EA3 /* ShareSheet.swift */; };
/* End PBXBuildFile section */

/* Begin PBXContainerItemProxy section */
		FC1889D12FC3720F00777EA3 /* PBXContainerItemProxy */ = {
			isa = PBXContainerItemProxy;
			containerPortal = FC1889B82FC3720A00777EA3 /* Project object */;
			proxyType = 1;
			remoteGlobalIDString = FC1889BF2FC3720A00777EA3;
			remoteInfo = SPOD;
		};
		FC1889DB2FC3720F00777EA3 /* PBXContainerItemProxy */ = {
			isa = PBXContainerItemProxy;
			containerPortal = FC1889B82FC3720A00777EA3 /* Project object */;
			proxyType = 1;
			remoteGlobalIDString = FC1889BF2FC3720A00777EA3;
			remoteInfo = SPOD;
		};
/* End PBXContainerItemProxy section */

/* Begin PBXFileReference section */
		FC1889C02FC3720A00777EA3 /* SPOD.app */ = {isa = PBXFileReference; explicitFileType = wrapper.application; includeInIndex = 0; path = SPOD.app; sourceTree = BUILT_PRODUCTS_DIR; };
		FC1889C32FC3720A00777EA3 /* SPODApp.swift */ = {isa = PBXFileReference; lastKnownFileType = sourcecode.swift; path = SPODApp.swift; sourceTree = "<group>"; };
		FC1889C52FC3720A00777EA3 /* ContentView.swift */ = {isa = PBXFileReference; lastKnownFileType = sourcecode.swift; path = ContentView.swift; sourceTree = "<group>"; };
		FC1889C72FC3720F00777EA3 /* Assets.xcassets */ = {isa = PBXFileReference; lastKnownFileType = folder.assetcatalog; path = Assets.xcassets; sourceTree = "<group>"; };
		FC1889D02FC3720F00777EA3 /* SPODTests.xctest */ = {isa = PBXFileReference; explicitFileType = wrapper.cfbundle; includeInIndex = 0; path = SPODTests.xctest; sourceTree = BUILT_PRODUCTS_DIR; };
		FC1889DA2FC3720F00777EA3 /* SPODUITests.xctest */ = {isa = PBXFileReference; explicitFileType = wrapper.cfbundle; includeInIndex = 0; path = SPODUITests.xctest; sourceTree = BUILT_PRODUCTS_DIR; };
		FC1889ED2FC372B200777EA3 /* APODResponse.swift */ = {isa = PBXFileReference; lastKnownFileType = sourcecode.swift; path = APODResponse.swift; sourceTree = "<group>"; };
		FC1889EF2FC372C100777EA3 /* APODService.swift */ = {isa = PBXFileReference; lastKnownFileType = sourcecode.swift; path = APODService.swift; sourceTree = "<group>"; };
		FC1889F12FC3730700777EA3 /* ShareSheet.swift */ = {isa = PBXFileReference; lastKnownFileType = sourcecode.swift; path = ShareSheet.swift; sourceTree = "<group>"; };
/* End PBXFileReference section */

/* Begin PBXFrameworksBuildPhase section */
		FC1889BD2FC3720A00777EA3 /* Frameworks */ = {
			isa = PBXFrameworksBuildPhase;
			buildActionMask = 2147483647;
			files = (
			);
			runOnlyForDeploymentPostprocessing = 0;
		};
		FC1889CD2FC3720F00777EA3 /* Frameworks */ = {
			isa = PBXFrameworksBuildPhase;
			buildActionMask = 2147483647;
			files = (
			);
			runOnlyForDeploymentPostprocessing = 0;
		};
		FC1889D72FC3720F00777EA3 /* Frameworks */ = {
			isa = PBXFrameworksBuildPhase;
			buildActionMask = 2147483647;
			files = (
			);
			runOnlyForDeploymentPostprocessing = 0;
		};
/* End PBXFrameworksBuildPhase section */

/* Begin PBXGroup section */
		FC1889B72FC3720A00777EA3 = {
			isa = PBXGroup;
			children = (
				FC1889C22FC3720A00777EA3 /* SPOD */,
				FC1889C12FC3720A00777EA3 /* Products */,
			);
			sourceTree = "<group>";
		};
		FC1889C12FC3720A00777EA3 /* Products */ = {
			isa = PBXGroup;
			children = (
				FC1889C02FC3720A00777EA3 /* SPOD.app */,
				FC1889D02FC3720F00777EA3 /* SPODTests.xctest */,
				FC1889DA2FC3720F00777EA3 /* SPODUITests.xctest */,
			);
			name = Products;
			sourceTree = "<group>";
		};
		FC1889C22FC3720A00777EA3 /* SPOD */ = {
			isa = PBXGroup;
			children = (
				FC1889C32FC3720A00777EA3 /* SPODApp.swift */,
				FC1889C52FC3720A00777EA3 /* ContentView.swift */,
				FC1889C72FC3720F00777EA3 /* Assets.xcassets */,
				FC1889ED2FC372B200777EA3 /* APODResponse.swift */,
				FC1889EF2FC372C100777EA3 /* APODService.swift */,
				FC1889F12FC3730700777EA3 /* ShareSheet.swift */,
			);
			path = SPOD;
			sourceTree = "<group>";
		};
/* End PBXGroup section */

/* Begin PBXNativeTarget section */
		FC1889BF2FC3720A00777EA3 /* SPOD */ = {
			isa = PBXNativeTarget;
			buildConfigurationList = FC1889E42FC3720F00777EA3 /* Build configuration list for PBXNativeTarget "SPOD" */;
			buildPhases = (
				FC1889BC2FC3720A00777EA3 /* Sources */,
				FC1889BD2FC3720A00777EA3 /* Frameworks */,
				FC1889BE2FC3720A00777EA3 /* Resources */,
			);
			buildRules = (
			);
			dependencies = (
			);
			name = SPOD;
			productName = SPOD;
			productReference = FC1889C02FC3720A00777EA3 /* SPOD.app */;
			productType = "com.apple.product-type.application";
		};
		FC1889CF2FC3720F00777EA3 /* SPODTests */ = {
			isa = PBXNativeTarget;
			buildConfigurationList = FC1889E72FC3720F00777EA3 /* Build configuration list for PBXNativeTarget "SPODTests" */;
			buildPhases = (
				FC1889CC2FC3720F00777EA3 /* Sources */,
				FC1889CD2FC3720F00777EA3 /* Frameworks */,
				FC1889CE2FC3720F00777EA3 /* Resources */,
			);
			buildRules = (
			);
			dependencies = (
				FC1889D22FC3720F00777EA3 /* PBXTargetDependency */,
			);
			name = SPODTests;
			productName = SPODTests;
			productReference = FC1889D02FC3720F00777EA3 /* SPODTests.xctest */;
			productType = "com.apple.product-type.bundle.unit-test";
		};
		FC1889D92FC3720F00777EA3 /* SPODUITests */ = {
			isa = PBXNativeTarget;
			buildConfigurationList = FC1889EA2FC3720F00777EA3 /* Build configuration list for PBXNativeTarget "SPODUITests" */;
			buildPhases = (
				FC1889D62FC3720F00777EA3 /* Sources */,
				FC1889D72FC3720F00777EA3 /* Frameworks */,
				FC1889D82FC3720F00777EA3 /* Resources */,
			);
			buildRules = (
			);
			dependencies = (
				FC1889DC2FC3720F00777EA3 /* PBXTargetDependency */,
			);
			name = SPODUITests;
			productName = SPODUITests;
			productReference = FC1889DA2FC3720F00777EA3 /* SPODUITests.xctest */;
			productType = "com.apple.product-type.bundle.ui-testing";
		};
/* End PBXNativeTarget section */

/* Begin PBXProject section */
		FC1889B82FC3720A00777EA3 /* Project object */ = {
			isa = PBXProject;
			attributes = {
				BuildIndependentTargetsInParallel = 1;
				LastSwiftUpdateCheck = 1320;
				LastUpgradeCheck = 1320;
				TargetAttributes = {
					FC1889BF2FC3720A00777EA3 = {
						CreatedOnToolsVersion = 13.2.1;
					};
					FC1889CF2FC3720F00777EA3 = {
						CreatedOnToolsVersion = 13.2.1;
						TestTargetID = FC1889BF2FC3720A00777EA3;
					};
					FC1889D92FC3720F00777EA3 = {
						CreatedOnToolsVersion = 13.2.1;
						TestTargetID = FC1889BF2FC3720A00777EA3;
					};
				};
			};
			buildConfigurationList = FC1889BB2FC3720A00777EA3 /* Build configuration list for PBXProject "SPOD" */;
			compatibilityVersion = "Xcode 13.0";
			developmentRegion = en;
			hasScannedForEncodings = 0;
			knownRegions = (
				en,
				Base,
			);
			mainGroup = FC1889B72FC3720A00777EA3;
			productRefGroup = FC1889C12FC3720A00777EA3 /* Products */;
			projectDirPath = "";
			projectRoot = "";
			targets = (
				FC1889BF2FC3720A00777EA3 /* SPOD */,
				FC1889CF2FC3720F00777EA3 /* SPODTests */,
				FC1889D92FC3720F00777EA3 /* SPODUITests */,
			);
		};
/* End PBXProject section */

/* Begin PBXResourcesBuildPhase section */
		FC1889BE2FC3720A00777EA3 /* Resources */ = {
			isa = PBXResourcesBuildPhase;
			buildActionMask = 2147483647;
			files = (
				FC1889C82FC3720F00777EA3 /* Assets.xcassets in Resources */,
			);
			runOnlyForDeploymentPostprocessing = 0;
		};
		FC1889CE2FC3720F00777EA3 /* Resources */ = {
			isa = PBXResourcesBuildPhase;
			buildActionMask = 2147483647;
			files = (
			);
			runOnlyForDeploymentPostprocessing = 0;
		};
		FC1889D82FC3720F00777EA3 /* Resources */ = {
			isa = PBXResourcesBuildPhase;
			buildActionMask = 2147483647;
			files = (
			);
			runOnlyForDeploymentPostprocessing = 0;
		};
/* End PBXResourcesBuildPhase section */

/* Begin PBXSourcesBuildPhase section */
		FC1889BC2FC3720A00777EA3 /* Sources */ = {
			isa = PBXSourcesBuildPhase;
			buildActionMask = 2147483647;
			files = (
				FC1889C62FC3720A00777EA3 /* ContentView.swift in Sources */,
				FC1889F02FC372C100777EA3 /* APODService.swift in Sources */,
				FC1889C42FC3720A00777EA3 /* SPODApp.swift in Sources */,
				FC1889F22FC3730700777EA3 /* ShareSheet.swift in Sources */,
				FC1889EE2FC372B200777EA3 /* APODResponse.swift in Sources */,
			);
			runOnlyForDeploymentPostprocessing = 0;
		};
		FC1889CC2FC3720F00777EA3 /* Sources */ = {
			isa = PBXSourcesBuildPhase;
			buildActionMask = 2147483647;
			files = (
			);
			runOnlyForDeploymentPostprocessing = 0;
		};
		FC1889D62FC3720F00777EA3 /* Sources */ = {
			isa = PBXSourcesBuildPhase;
			buildActionMask = 2147483647;
			files = (
			);
			runOnlyForDeploymentPostprocessing = 0;
		};
/* End PBXSourcesBuildPhase section */

/* Begin PBXTargetDependency section */
		FC1889D22FC3720F00777EA3 /* PBXTargetDependency */ = {
			isa = PBXTargetDependency;
			target = FC1889BF2FC3720A00777EA3 /* SPOD */;
			targetProxy = FC1889D12FC3720F00777EA3 /* PBXContainerItemProxy */;
		};
		FC1889DC2FC3720F00777EA3 /* PBXTargetDependency */ = {
			isa = PBXTargetDependency;
			target = FC1889BF2FC3720A00777EA3 /* SPOD */;
			targetProxy = FC1889DB2FC3720F00777EA3 /* PBXContainerItemProxy */;
		};
/* End PBXTargetDependency section */

/* Begin XCBuildConfiguration section */
		FC1889E22FC3720F00777EA3 /* Debug */ = {
			isa = XCBuildConfiguration;
			buildSettings = {
				ALWAYS_SEARCH_USER_PATHS = NO;
				CLANG_ANALYZER_NONNULL = YES;
				CLANG_ANALYZER_NUMBER_OBJECT_CONVERSION = YES_AGGRESSIVE;
				CLANG_CXX_LANGUAGE_STANDARD = "gnu++17";
				CLANG_CXX_LIBRARY = "libc++";
				CLANG_ENABLE_MODULES = YES;
				CLANG_ENABLE_OBJC_ARC = YES;
				CLANG_ENABLE_OBJC_WEAK = YES;
				CLANG_WARN_BLOCK_CAPTURE_AUTORELEASING = YES;
				CLANG_WARN_BOOL_CONVERSION = YES;
				CLANG_WARN_COMMA = YES;
				CLANG_WARN_CONSTANT_CONVERSION = YES;
				CLANG_WARN_DEPRECATED_OBJC_IMPLEMENTATIONS = YES;
				CLANG_WARN_DIRECT_OBJC_ISA_USAGE = YES_ERROR;
				CLANG_WARN_DOCUMENTATION_COMMENTS = YES;
				CLANG_WARN_EMPTY_BODY = YES;
				CLANG_WARN_ENUM_CONVERSION = YES;
				CLANG_WARN_INFINITE_RECURSION = YES;
				CLANG_WARN_INT_CONVERSION = YES;
				CLANG_WARN_NON_LITERAL_NULL_CONVERSION = YES;
				CLANG_WARN_OBJC_IMPLICIT_RETAIN_SELF = YES;
				CLANG_WARN_OBJC_LITERAL_CONVERSION = YES;
				CLANG_WARN_OBJC_ROOT_CLASS = YES_ERROR;
				CLANG_WARN_QUOTED_INCLUDE_IN_FRAMEWORK_HEADER = YES;
				CLANG_WARN_RANGE_LOOP_ANALYSIS = YES;
				CLANG_WARN_STRICT_PROTOTYPES = YES;
				CLANG_WARN_SUSPICIOUS_MOVE = YES;
				CLANG_WARN_UNGUARDED_AVAILABILITY = YES_AGGRESSIVE;
				CLANG_WARN_UNREACHABLE_CODE = YES;
				CLANG_WARN__DUPLICATE_METHOD_MATCH = YES;
				COPY_PHASE_STRIP = NO;
				DEBUG_INFORMATION_FORMAT = dwarf;
				ENABLE_STRICT_OBJC_MSGSEND = YES;
				ENABLE_TESTABILITY = YES;
				GCC_C_LANGUAGE_STANDARD = gnu11;
				GCC_DYNAMIC_NO_PIC = NO;
				GCC_NO_COMMON_BLOCKS = YES;
				GCC_OPTIMIZATION_LEVEL = 0;
				GCC_PREPROCESSOR_DEFINITIONS = (
					"DEBUG=1",
					"$(inherited)",
				);
				GCC_WARN_64_TO_32_BIT_CONVERSION = YES;
				GCC_WARN_ABOUT_RETURN_TYPE = YES_ERROR;
				GCC_WARN_UNDECLARED_SELECTOR = YES;
				GCC_WARN_UNINITIALIZED_AUTOS = YES_AGGRESSIVE;
				GCC_WARN_UNUSED_FUNCTION = YES;
				GCC_WARN_UNUSED_VARIABLE = YES;
				IPHONEOS_DEPLOYMENT_TARGET = 15.2;
				MTL_ENABLE_DEBUG_INFO = INCLUDE_SOURCE;
				MTL_FAST_MATH = YES;
				ONLY_ACTIVE_ARCH = YES;
				SDKROOT = iphoneos;
				SWIFT_ACTIVE_COMPILATION_CONDITIONS = DEBUG;
				SWIFT_OPTIMIZATION_LEVEL = "-Onone";
			};
			name = Debug;
		};
		FC1889E32FC3720F00777EA3 /* Release */ = {
			isa = XCBuildConfiguration;
			buildSettings = {
				ALWAYS_SEARCH_USER_PATHS = NO;
				CLANG_ANALYZER_NONNULL = YES;
				CLANG_ANALYZER_NUMBER_OBJECT_CONVERSION = YES_AGGRESSIVE;
				CLANG_CXX_LANGUAGE_STANDARD = "gnu++17";
				CLANG_CXX_LIBRARY = "libc++";
				CLANG_ENABLE_MODULES = YES;
				CLANG_ENABLE_OBJC_ARC = YES;
				CLANG_ENABLE_OBJC_WEAK = YES;
				CLANG_WARN_BLOCK_CAPTURE_AUTORELEASING = YES;
				CLANG_WARN_BOOL_CONVERSION = YES;
				CLANG_WARN_COMMA = YES;
				CLANG_WARN_CONSTANT_CONVERSION = YES;
				CLANG_WARN_DEPRECATED_OBJC_IMPLEMENTATIONS = YES;
				CLANG_WARN_DIRECT_OBJC_ISA_USAGE = YES_ERROR;
				CLANG_WARN_DOCUMENTATION_COMMENTS = YES;
				CLANG_WARN_EMPTY_BODY = YES;
				CLANG_WARN_ENUM_CONVERSION = YES;
				CLANG_WARN_INFINITE_RECURSION = YES;
				CLANG_WARN_INT_CONVERSION = YES;
				CLANG_WARN_NON_LITERAL_NULL_CONVERSION = YES;
				CLANG_WARN_OBJC_IMPLICIT_RETAIN_SELF = YES;
				CLANG_WARN_OBJC_LITERAL_CONVERSION = YES;
				CLANG_WARN_OBJC_ROOT_CLASS = YES_ERROR;
				CLANG_WARN_QUOTED_INCLUDE_IN_FRAMEWORK_HEADER = YES;
				CLANG_WARN_RANGE_LOOP_ANALYSIS = YES;
				CLANG_WARN_STRICT_PROTOTYPES = YES;
				CLANG_WARN_SUSPICIOUS_MOVE = YES;
				CLANG_WARN_UNGUARDED_AVAILABILITY = YES_AGGRESSIVE;
				CLANG_WARN_UNREACHABLE_CODE = YES;
				CLANG_WARN__DUPLICATE_METHOD_MATCH = YES;
				COPY_PHASE_STRIP = NO;
				DEBUG_INFORMATION_FORMAT = "dwarf-with-dsym";
				ENABLE_NS_ASSERTIONS = NO;
				ENABLE_STRICT_OBJC_MSGSEND = YES;
				GCC_C_LANGUAGE_STANDARD = gnu11;
				GCC_NO_COMMON_BLOCKS = YES;
				GCC_WARN_64_TO_32_BIT_CONVERSION = YES;
				GCC_WARN_ABOUT_RETURN_TYPE = YES_ERROR;
				GCC_WARN_UNDECLARED_SELECTOR = YES;
				GCC_WARN_UNINITIALIZED_AUTOS = YES_AGGRESSIVE;
				GCC_WARN_UNUSED_FUNCTION = YES;
				GCC_WARN_UNUSED_VARIABLE = YES;
				IPHONEOS_DEPLOYMENT_TARGET = 15.2;
				MTL_ENABLE_DEBUG_INFO = NO;
				MTL_FAST_MATH = YES;
				SDKROOT = iphoneos;
				SWIFT_COMPILATION_MODE = wholemodule;
				SWIFT_OPTIMIZATION_LEVEL = "-O";
				VALIDATE_PRODUCT = YES;
			};
			name = Release;
		};
		FC1889E52FC3720F00777EA3 /* Debug */ = {
			isa = XCBuildConfiguration;
			buildSettings = {
				ASSETCATALOG_COMPILER_APPICON_NAME = AppIcon;
				ASSETCATALOG_COMPILER_GLOBAL_ACCENT_COLOR_NAME = AccentColor;
				CODE_SIGN_STYLE = Automatic;
				CURRENT_PROJECT_VERSION = 1;
				DEVELOPMENT_ASSET_PATHS = "";
				DEVELOPMENT_TEAM = K78Q43DUKU;
				ENABLE_PREVIEWS = YES;
				GENERATE_INFOPLIST_FILE = YES;
				INFOPLIST_KEY_UIApplicationSceneManifest_Generation = YES;
				INFOPLIST_KEY_UIApplicationSupportsIndirectInputEvents = YES;
				INFOPLIST_KEY_UILaunchScreen_Generation = YES;
				INFOPLIST_KEY_UISupportedInterfaceOrientations_iPad = "UIInterfaceOrientationPortrait UIInterfaceOrientationPortraitUpsideDown UIInterfaceOrientationLandscapeLeft UIInterfaceOrientationLandscapeRight";
				INFOPLIST_KEY_UISupportedInterfaceOrientations_iPhone = "UIInterfaceOrientationPortrait UIInterfaceOrientationLandscapeLeft UIInterfaceOrientationLandscapeRight";
				LD_RUNPATH_SEARCH_PATHS = (
					"$(inherited)",
					"@executable_path/Frameworks",
				);
				MARKETING_VERSION = 1.0;
				PRODUCT_BUNDLE_IDENTIFIER = org.bitetheapple.SPOD;
				PRODUCT_NAME = "$(TARGET_NAME)";
				SWIFT_EMIT_LOC_STRINGS = YES;
				SWIFT_VERSION = 5.0;
				TARGETED_DEVICE_FAMILY = "1,2";
			};
			name = Debug;
		};
		FC1889E62FC3720F00777EA3 /* Release */ = {
			isa = XCBuildConfiguration;
			buildSettings = {
				ASSETCATALOG_COMPILER_APPICON_NAME = AppIcon;
				ASSETCATALOG_COMPILER_GLOBAL_ACCENT_COLOR_NAME = AccentColor;
				CODE_SIGN_STYLE = Automatic;
				CURRENT_PROJECT_VERSION = 1;
				DEVELOPMENT_ASSET_PATHS = "";
				DEVELOPMENT_TEAM = K78Q43DUKU;
				ENABLE_PREVIEWS = YES;
				GENERATE_INFOPLIST_FILE = YES;
				INFOPLIST_KEY_UIApplicationSceneManifest_Generation = YES;
				INFOPLIST_KEY_UIApplicationSupportsIndirectInputEvents = YES;
				INFOPLIST_KEY_UILaunchScreen_Generation = YES;
				INFOPLIST_KEY_UISupportedInterfaceOrientations_iPad = "UIInterfaceOrientationPortrait UIInterfaceOrientationPortraitUpsideDown UIInterfaceOrientationLandscapeLeft UIInterfaceOrientationLandscapeRight";
				INFOPLIST_KEY_UISupportedInterfaceOrientations_iPhone = "UIInterfaceOrientationPortrait UIInterfaceOrientationLandscapeLeft UIInterfaceOrientationLandscapeRight";
				LD_RUNPATH_SEARCH_PATHS = (
					"$(inherited)",
					"@executable_path/Frameworks",
				);
				MARKETING_VERSION = 1.0;
				PRODUCT_BUNDLE_IDENTIFIER = org.bitetheapple.SPOD;
				PRODUCT_NAME = "$(TARGET_NAME)";
				SWIFT_EMIT_LOC_STRINGS = YES;
				SWIFT_VERSION = 5.0;
				TARGETED_DEVICE_FAMILY = "1,2";
			};
			name = Release;
		};
		FC1889E82FC3720F00777EA3 /* Debug */ = {
			isa = XCBuildConfiguration;
			buildSettings = {
				ALWAYS_EMBED_SWIFT_STANDARD_LIBRARIES = YES;
				BUNDLE_LOADER = "$(TEST_HOST)";
				CODE_SIGN_STYLE = Automatic;
				CURRENT_PROJECT_VERSION = 1;
				DEVELOPMENT_TEAM = K78Q43DUKU;
				GENERATE_INFOPLIST_FILE = YES;
				IPHONEOS_DEPLOYMENT_TARGET = 15.2;
				MARKETING_VERSION = 1.0;
				PRODUCT_BUNDLE_IDENTIFIER = org.bitetheapple.SPODTests;
				PRODUCT_NAME = "$(TARGET_NAME)";
				SWIFT_EMIT_LOC_STRINGS = NO;
				SWIFT_VERSION = 5.0;
				TARGETED_DEVICE_FAMILY = "1,2";
				TEST_HOST = "$(BUILT_PRODUCTS_DIR)/SPOD.app/SPOD";
			};
			name = Debug;
		};
		FC1889E92FC3720F00777EA3 /* Release */ = {
			isa = XCBuildConfiguration;
			buildSettings = {
				ALWAYS_EMBED_SWIFT_STANDARD_LIBRARIES = YES;
				BUNDLE_LOADER = "$(TEST_HOST)";
				CODE_SIGN_STYLE = Automatic;
				CURRENT_PROJECT_VERSION = 1;
				DEVELOPMENT_TEAM = K78Q43DUKU;
				GENERATE_INFOPLIST_FILE = YES;
				IPHONEOS_DEPLOYMENT_TARGET = 15.2;
				MARKETING_VERSION = 1.0;
				PRODUCT_BUNDLE_IDENTIFIER = org.bitetheapple.SPODTests;
				PRODUCT_NAME = "$(TARGET_NAME)";
				SWIFT_EMIT_LOC_STRINGS = NO;
				SWIFT_VERSION = 5.0;
				TARGETED_DEVICE_FAMILY = "1,2";
				TEST_HOST = "$(BUILT_PRODUCTS_DIR)/SPOD.app/SPOD";
			};
			name = Release;
		};
		FC1889EB2FC3720F00777EA3 /* Debug */ = {
			isa = XCBuildConfiguration;
			buildSettings = {
				ALWAYS_EMBED_SWIFT_STANDARD_LIBRARIES = YES;
				CODE_SIGN_STYLE = Automatic;
				CURRENT_PROJECT_VERSION = 1;
				DEVELOPMENT_TEAM = K78Q43DUKU;
				GENERATE_INFOPLIST_FILE = YES;
				MARKETING_VERSION = 1.0;
				PRODUCT_BUNDLE_IDENTIFIER = org.bitetheapple.SPODUITests;
				PRODUCT_NAME = "$(TARGET_NAME)";
				SWIFT_EMIT_LOC_STRINGS = NO;
				SWIFT_VERSION = 5.0;
				TARGETED_DEVICE_FAMILY = "1,2";
				TEST_TARGET_NAME = SPOD;
			};
			name = Debug;
		};
		FC1889EC2FC3720F00777EA3 /* Release */ = {
			isa = XCBuildConfiguration;
			buildSettings = {
				ALWAYS_EMBED_SWIFT_STANDARD_LIBRARIES = YES;
				CODE_SIGN_STYLE = Automatic;
				CURRENT_PROJECT_VERSION = 1;
				DEVELOPMENT_TEAM = K78Q43DUKU;
				GENERATE_INFOPLIST_FILE = YES;
				MARKETING_VERSION = 1.0;
				PRODUCT_BUNDLE_IDENTIFIER = org.bitetheapple.SPODUITests;
				PRODUCT_NAME = "$(TARGET_NAME)";
				SWIFT_EMIT_LOC_STRINGS = NO;
				SWIFT_VERSION = 5.0;
				TARGETED_DEVICE_FAMILY = "1,2";
				TEST_TARGET_NAME = SPOD;
			};
			name = Release;
		};
/* End XCBuildConfiguration section */

/* Begin XCConfigurationList section */
		FC1889BB2FC3720A00777EA3 /* Build configuration list for PBXProject "SPOD" */ = {
			isa = XCConfigurationList;
			buildConfigurations = (
				FC1889E22FC3720F00777EA3 /* Debug */,
				FC1889E32FC3720F00777EA3 /* Release */,
			);
			defaultConfigurationIsVisible = 0;
			defaultConfigurationName = Release;
		};
		FC1889E42FC3720F00777EA3 /* Build configuration list for PBXNativeTarget "SPOD" */ = {
			isa = XCConfigurationList;
			buildConfigurations = (
				FC1889E52FC3720F00777EA3 /* Debug */,
				FC1889E62FC3720F00777EA3 /* Release */,
			);
			defaultConfigurationIsVisible = 0;
			defaultConfigurationName = Release;
		};
		FC1889E72FC3720F00777EA3 /* Build configuration list for PBXNativeTarget "SPODTests" */ = {
			isa = XCConfigurationList;
			buildConfigurations = (
				FC1889E82FC3720F00777EA3 /* Debug */,
				FC1889E92FC3720F00777EA3 /* Release */,
			);
			defaultConfigurationIsVisible = 0;
			defaultConfigurationName = Release;
		};
		FC1889EA2FC3720F00777EA3 /* Build configuration list for PBXNativeTarget "SPODUITests" */ = {
			isa = XCConfigurationList;
			buildConfigurations = (
				FC1889EB2FC3720F00777EA3 /* Debug */,
				FC1889EC2FC3720F00777EA3 /* Release */,
			);
			defaultConfigurationIsVisible = 0;
			defaultConfigurationName = Release;
		};
/* End XCConfigurationList section */
	};
	rootObject = FC1889B82FC3720A00777EA3 /* Project object */;
}
